
Microsoft Visual Studio Solution File, Format Version 12.00
# Visual Studio Version 16
VisualStudioVersion = 16.0.30413.136
MinimumVisualStudioVersion = 10.0.40219.1
Project("{9A19103F-16F7-4668-BE54-9A1E7A4F7556}") = "AzureFunctionsCustomBindingSample.Testing", "AzureFunctionsCustomBindingSample.Testing\AzureFunctionsCustomBindingSample.Testing.csproj", "{94B2D2CA-B574-4BFC-9931-802287E867A3}"
EndProject
Project("{9A19103F-16F7-4668-BE54-9A1E7A4F7556}") = "AzureFunctionsCustomBindingSample.DocumentPersistence", "AzureFunctionsCustomBindingSample.DocumentPersistence\AzureFunctionsCustomBindingSample.DocumentPersistence.csproj", "{B38DF9FE-6B95-4268-98AA-7CF23CD7AAC3}"
EndProject
Project("{9A19103F-16F7-4668-BE54-9A1E7A4F7556}") = "AzureFunctionsCustomBindingSample.Documents", "AzureFunctionsCustomBindingSample.Documents\AzureFunctionsCustomBindingSample.Documents.csproj", "{93395A76-B760-4AB6-AEB4-CB5B343A055C}"
EndProject
Project("{9A19103F-16F7-4668-BE54-9A1E7A4F7556}") = "AzureFunctionsCustomBindingSample.Dtos", "AzureFunctionsCustomBindingSample.Dtos\AzureFunctionsCustomBindingSample.Dtos.csproj", "{92AF8996-6053-406D-B322-AFB1D6E1DC94}"
EndProject
Project("{9A19103F-16F7-4668-BE54-9A1E7A4F7556}") = "AzureFunctionsCustomBindingSample.Services", "AzureFunctionsCustomBindingSample.Services\AzureFunctionsCustomBindingSample.Services.csproj", "{C3392A8A-9BB5-4E0C-94D3-159B8976FCF5}"
EndProject
Project("{9A19103F-16F7-4668-BE54-9A1E7A4F7556}") = "AzureFunctionsCustomBindingSample.Api", "AzureFunctionsCustomBindingSample.Api\AzureFunctionsCustomBindingSample.Api.csproj", "{4C0C29F3-3779-40AD-81D9-267CF1B39C90}"
EndProject
Project("{9A19103F-16F7-4668-BE54-9A1E7A4F7556}") = "AzureFunctionsCustomBindingSample.Validation", "AzureFunctionsCustomBindingSample.Validation\AzureFunctionsCustomBindingSample.Validation.csproj", "{D88EA949-AD3F-4523-B6FD-3DE04DEB2D3B}"
EndProject
Project("{FAE04EC0-301F-11D3-BF4B-00C04F79EFBC}") = "AzureFunctionsCustomBindingSample.Validators", "AzureFunctionsCustomBindingSample.Validators\AzureFunctionsCustomBindingSample.Validators.csproj", "{BD796318-67EE-4A85-8F34-0EBA9FAAEC8F}"
EndProject
Global
	GlobalSection(SolutionConfigurationPlatforms) = preSolution
		Debug|Any CPU = Debug|Any CPU
		Release|Any CPU = Release|Any CPU
	EndGlobalSection
	GlobalSection(ProjectConfigurationPlatforms) = postSolution
		{94B2D2CA-B574-4BFC-9931-802287E867A3}.Debug|Any CPU.ActiveCfg = Debug|Any CPU
		{94B2D2CA-B574-4BFC-9931-802287E867A3}.Debug|Any CPU.Build.0 = Debug|Any CPU
		{94B2D2CA-B574-4BFC-9931-802287E867A3}.Release|Any CPU.ActiveCfg = Release|Any CPU
		{94B2D2CA-B574-4BFC-9931-802287E867A3}.Release|Any CPU.Build.0 = Release|Any CPU
		{B38DF9FE-6B95-4268-98AA-7CF23CD7AAC3}.Debug|Any CPU.ActiveCfg = Debug|Any CPU
		{B38DF9FE-6B95-4268-98AA-7CF23CD7AAC3}.Debug|Any CPU.Build.0 = Debug|Any CPU
		{B38DF9FE-6B95-4268-98AA-7CF23CD7AAC3}.Release|Any CPU.ActiveCfg = Release|Any CPU
		{B38DF9FE-6B95-4268-98AA-7CF23CD7AAC3}.Release|Any CPU.Build.0 = Release|Any CPU
		{93395A76-B760-4AB6-AEB4-CB5B343A055C}.Debug|Any CPU.ActiveCfg = Debug|Any CPU
		{93395A76-B760-4AB6-AEB4-CB5B343A055C}.Debug|Any CPU.Build.0 = Debug|Any CPU
		{93395A76-B760-4AB6-AEB4-CB5B343A055C}.Release|Any CPU.ActiveCfg = Release|Any CPU
		{93395A76-B760-4AB6-AEB4-CB5B343A055C}.Release|Any CPU.Build.0 = Release|Any CPU
		{92AF8996-6053-406D-B322-AFB1D6E1DC94}.Debug|Any CPU.ActiveCfg = Debug|Any CPU
		{92AF8996-6053-406D-B322-AFB1D6E1DC94}.Debug|Any CPU.Build.0 = Debug|Any CPU
		{92AF8996-6053-406D-B322-AFB1D6E1DC94}.Release|Any CPU.ActiveCfg = Release|Any CPU
		{92AF8996-6053-406D-B322-AFB1D6E1DC94}.Release|Any CPU.Build.0 = Release|Any CPU
		{C3392A8A-9BB5-4E0C-94D3-159B8976FCF5}.Debug|Any CPU.ActiveCfg = Debug|Any CPU
		{C3392A8A-9BB5-4E0C-94D3-159B8976FCF5}.Debug|Any CPU.Build.0 = Debug|Any CPU
		{C3392A8A-9BB5-4E0C-94D3-159B8976FCF5}.Release|Any CPU.ActiveCfg = Release|Any CPU
		{C3392A8A-9BB5-4E0C-94D3-159B8976FCF5}.Release|Any CPU.Build.0 = Release|Any CPU
		{4C0C29F3-3779-40AD-81D9-267CF1B39C90}.Debug|Any CPU.ActiveCfg = Debug|Any CPU
		{4C0C29F3-3779-40AD-81D9-267CF1B39C90}.Debug|Any CPU.Build.0 = Debug|Any CPU
		{4C0C29F3-3779-40AD-81D9-267CF1B39C90}.Release|Any CPU.ActiveCfg = Release|Any CPU
		{4C0C29F3-3779-40AD-81D9-267CF1B39C90}.Release|Any CPU.Build.0 = Release|Any CPU
		{D88EA949-AD3F-4523-B6FD-3DE04DEB2D3B}.Debug|Any CPU.ActiveCfg = Debug|Any CPU
		{D88EA949-AD3F-4523-B6FD-3DE04DEB2D3B}.Debug|Any CPU.Build.0 = Debug|Any CPU
		{D88EA949-AD3F-4523-B6FD-3DE04DEB2D3B}.Release|Any CPU.ActiveCfg = Release|Any CPU
		{D88EA949-AD3F-4523-B6FD-3DE04DEB2D3B}.Release|Any CPU.Build.0 = Release|Any CPU
		{BD796318-67EE-4A85-8F34-0EBA9FAAEC8F}.Debug|Any CPU.ActiveCfg = Debug|Any CPU
		{BD796318-67EE-4A85-8F34-0EBA9FAAEC8F}.Debug|Any CPU.Build.0 = Debug|Any CPU
		{BD796318-67EE-4A85-8F34-0EBA9FAAEC8F}.Release|Any CPU.ActiveCfg = Release|Any CPU
		{BD796318-67EE-4A85-8F34-0EBA9FAAEC8F}.Release|Any CPU.Build.0 = Release|Any CPU
	EndGlobalSection
	GlobalSection(SolutionProperties) = preSolution
		HideSolutionNode = FALSE
	EndGlobalSection
	GlobalSection(ExtensibilityGlobals) = postSolution
		SolutionGuid = {DE6B579C-8B1E-4F75-BF41-94138D94FBBA}
	EndGlobalSection
EndGlobal
